
Microsoft Visual Studio Solution File, Format Version 12.00
# Visual Studio Version 17
VisualStudioVersion = 17.9.34714.143
MinimumVisualStudioVersion = 10.0.40219.1
Project("{FAE04EC0-301F-11D3-BF4B-00C04F79EFBC}") = "BulkyWeb", "BulkyWeb\BulkyWeb.csproj", "{80B29936-044C-4C3C-9515-F0080AE8D183}"
EndProject
Global
	GlobalSection(SolutionConfigurationPlatforms) = preSolution
		Debug|Any CPU = Debug|Any CPU
		Release|Any CPU = Release|Any CPU
	EndGlobalSection
	GlobalSection(ProjectConfigurationPlatforms) = postSolution
		{80B29936-044C-4C3C-9515-F0080AE8D183}.Debug|Any CPU.ActiveCfg = Debug|Any CPU
		{80B29936-044C-4C3C-9515-F0080AE8D183}.Debug|Any CPU.Build.0 = Debug|Any CPU
		{80B29936-044C-4C3C-9515-F0080AE8D183}.Release|Any CPU.ActiveCfg = Release|Any CPU
		{80B29936-044C-4C3C-9515-F0080AE8D183}.Release|Any CPU.Build.0 = Release|Any CPU
	EndGlobalSection
	GlobalSection(SolutionProperties) = preSolution
		HideSolutionNode = FALSE
	EndGlobalSection
	GlobalSection(ExtensibilityGlobals) = postSolution
		SolutionGuid = {46DAB1C5-AA59-44FD-A9E0-319DF72D9CE4}
	EndGlobalSection
EndGlobal
